PODS:
  - Alamofire (4.9.1)
  - CCHMapClusterController (1.7.2)
  - Moya/Core (13.0.1):
    - Alamofire (~> 4.1)
    - Result (~> 4.1)
  - Moya/RxSwift (13.0.1):
    - Moya/Core
    - RxSwift (~> 4.0)
  - Quick (2.2.0)
  - Result (4.1.0)
  - RxCocoa (4.5.0):
    - RxSwift (>= 4.4.2, ~> 4.4)
  - RxSwift (4.5.0)
  - SwiftyJSON (5.0.0)

DEPENDENCIES:
  - CCHMapClusterController
  - Moya/RxSwift
  - Quick
  - RxCocoa
  - RxSwift
  - SwiftyJSON

SPEC REPOS:
  https://github.com/CocoaPods/Specs.git:
    - Alamofire
    - CCHMapClusterController
    - Moya
    - Quick
    - Result
    - RxCocoa
    - RxSwift
    - SwiftyJSON

SPEC CHECKSUMS:
  Alamofire: 85e8a02c69d6020a0d734f6054870d7ecb75cf18
  CCHMapClusterController: 682e1eb1373a7decda1b75fd7b24b3047fed9daa
  Moya: f4a4b80ff2f8a4ffc208dfb31cd91636622fee6e
  Quick: 7fb19e13be07b5dfb3b90d4f9824c855a11af40e
  Result: bd966fac789cc6c1563440b348ab2598cc24d5c7
  RxCocoa: cbf70265dc65a981d4ac982e513c10cf23df24a0
  RxSwift: f172070dfd1a93d70a9ab97a5a01166206e1c575
  SwiftyJSON: 36413e04c44ee145039d332b4f4e2d3e8d6c4db7

PODFILE CHECKSUM: 386e55ee9b2d4cb95bdf6e4335da6a2027e009f0

COCOAPODS: 1.8.4
