// !$*UTF8*$!
{
	archiveVersion = 1;
	classes = {
	};
	objectVersion = 46;
	objects = {

/* Begin PBXBuildFile section */
		1035FA1BDEFFBAA76DFC8701 /* Pods_MonumapTests.framework in Frameworks */ = {isa = PBXBuildFile; fileRef = 41A782711B021A5DCBE91ECB /* Pods_MonumapTests.framework */; };
		A804F54B1E75761B00990655 /* AppDelegate.swift in Sources */ = {isa = PBXBuildFile; fileRef = A804F54A1E75761B00990655 /* AppDelegate.swift */; };
		A804F5521E75761B00990655 /* Main.storyboard in Resources */ = {isa = PBXBuildFile; fileRef = A804F5501E75761B00990655 /* Main.storyboard */; };
		A804F5541E75761C00990655 /* Assets.xcassets in Resources */ = {isa = PBXBuildFile; fileRef = A804F5531E75761C00990655 /* Assets.xcassets */; };
		A804F5571E75761C00990655 /* LaunchScreen.storyboard in Resources */ = {isa = PBXBuildFile; fileRef = A804F5551E75761C00990655 /* LaunchScreen.storyboard */; };
		A855B08A1E758CCA0084D17C /* NearbyViewController.swift in Sources */ = {isa = PBXBuildFile; fileRef = A855B0891E758CCA0084D17C /* NearbyViewController.swift */; };
		A855B08C1E758D990084D17C /* MapViewController.swift in Sources */ = {isa = PBXBuildFile; fileRef = A855B08B1E758D990084D17C /* MapViewController.swift */; };
		A855B08E1E758DE00084D17C /* SearchViewController.swift in Sources */ = {isa = PBXBuildFile; fileRef = A855B08D1E758DE00084D17C /* SearchViewController.swift */; };
		A855B0911E758F200084D17C /* TabBarWireframe.swift in Sources */ = {isa = PBXBuildFile; fileRef = A855B0901E758F200084D17C /* TabBarWireframe.swift */; };
		A855B0931E758FEE0084D17C /* TabBarWireframeTests.swift in Sources */ = {isa = PBXBuildFile; fileRef = A855B0921E758FEE0084D17C /* TabBarWireframeTests.swift */; };
		A855B0981E75B1240084D17C /* main.swift in Sources */ = {isa = PBXBuildFile; fileRef = A855B0971E75B1240084D17C /* main.swift */; };
		A855B09A1E75B30C0084D17C /* AppDelegateTests.swift in Sources */ = {isa = PBXBuildFile; fileRef = A855B0991E75B30C0084D17C /* AppDelegateTests.swift */; };
		A855B09D1E75B80F0084D17C /* NearbyWireframe.swift in Sources */ = {isa = PBXBuildFile; fileRef = A855B09C1E75B80F0084D17C /* NearbyWireframe.swift */; };
		A855B09F1E75B8F30084D17C /* UIStoryboardExtensions.swift in Sources */ = {isa = PBXBuildFile; fileRef = A855B09E1E75B8F30084D17C /* UIStoryboardExtensions.swift */; };
		A855B0A11E75B95D0084D17C /* StoryboardIdentifiers.swift in Sources */ = {isa = PBXBuildFile; fileRef = A855B0A01E75B95D0084D17C /* StoryboardIdentifiers.swift */; };
		A855B0A31E75B9F60084D17C /* NearbyWireframeTests.swift in Sources */ = {isa = PBXBuildFile; fileRef = A855B0A21E75B9F60084D17C /* NearbyWireframeTests.swift */; };
		A855B0A51E75C9C80084D17C /* MapWireframe.swift in Sources */ = {isa = PBXBuildFile; fileRef = A855B0A41E75C9C80084D17C /* MapWireframe.swift */; };
		A855B0A71E75C9FB0084D17C /* MapWireframeTests.swift in Sources */ = {isa = PBXBuildFile; fileRef = A855B0A61E75C9FB0084D17C /* MapWireframeTests.swift */; };
		A855B0A91E75CAE70084D17C /* SearchWireframeTests.swift in Sources */ = {isa = PBXBuildFile; fileRef = A855B0A81E75CAE70084D17C /* SearchWireframeTests.swift */; };
		A855B0AB1E75CB2F0084D17C /* SearchWireframe.swift in Sources */ = {isa = PBXBuildFile; fileRef = A855B0AA1E75CB2F0084D17C /* SearchWireframe.swift */; };
		A85CDDB61E7D92FA00F60A45 /* NearbyViewControllerTests.swift in Sources */ = {isa = PBXBuildFile; fileRef = A85CDDB51E7D92FA00F60A45 /* NearbyViewControllerTests.swift */; };
		A8762E2D1E7B2131007F99E3 /* MapKit.framework in Frameworks */ = {isa = PBXBuildFile; fileRef = A8762E2C1E7B2131007F99E3 /* MapKit.framework */; };
		A8DFDC691E7B34D800B14F47 /* Lora-Bold.ttf in Resources */ = {isa = PBXBuildFile; fileRef = A8DFDC681E7B34D800B14F47 /* Lora-Bold.ttf */; };
		A8DFDC6B1E7B364100B14F47 /* Montserrat-SemiBold.ttf in Resources */ = {isa = PBXBuildFile; fileRef = A8DFDC6A1E7B364100B14F47 /* Montserrat-SemiBold.ttf */; };
		A8DFDC6D1E7B405800B14F47 /* Montserrat-Medium.ttf in Resources */ = {isa = PBXBuildFile; fileRef = A8DFDC6C1E7B405800B14F47 /* Montserrat-Medium.ttf */; };
		A8DFDC6F1E7B457300B14F47 /* placeholder-image.png in Resources */ = {isa = PBXBuildFile; fileRef = A8DFDC6E1E7B457300B14F47 /* placeholder-image.png */; };
		EFF065C69F70D4CA5A9E53C9 /* Pods_Monumap.framework in Frameworks */ = {isa = PBXBuildFile; fileRef = 41018ED8D8A3D881C33237BD /* Pods_Monumap.framework */; };
/* End PBXBuildFile section */

/* Begin PBXContainerItemProxy section */
		A804F55E1E75761C00990655 /* PBXContainerItemProxy */ = {
			isa = PBXContainerItemProxy;
			containerPortal = A804F53F1E75761B00990655 /* Project object */;
			proxyType = 1;
			remoteGlobalIDString = A804F5461E75761B00990655;
			remoteInfo = Monumap;
		};
/* End PBXContainerItemProxy section */

/* Begin PBXFileReference section */
		2654FFB84F900BE927BF31C9 /* Pods-Monumap.release.xcconfig */ = {isa = PBXFileReference; includeInIndex = 1; lastKnownFileType = text.xcconfig; name = "Pods-Monumap.release.xcconfig"; path = "Pods/Target Support Files/Pods-Monumap/Pods-Monumap.release.xcconfig"; sourceTree = "<group>"; };
		2C048CDEF46AC646BB63753C /* Pods-MonumapTests.debug.xcconfig */ = {isa = PBXFileReference; includeInIndex = 1; lastKnownFileType = text.xcconfig; name = "Pods-MonumapTests.debug.xcconfig"; path = "Pods/Target Support Files/Pods-MonumapTests/Pods-MonumapTests.debug.xcconfig"; sourceTree = "<group>"; };
		41018ED8D8A3D881C33237BD /* Pods_Monumap.framework */ = {isa = PBXFileReference; explicitFileType = wrapper.framework; includeInIndex = 0; path = Pods_Monumap.framework; sourceTree = BUILT_PRODUCTS_DIR; };
		41A782711B021A5DCBE91ECB /* Pods_MonumapTests.framework */ = {isa = PBXFileReference; explicitFileType = wrapper.framework; includeInIndex = 0; path = Pods_MonumapTests.framework; sourceTree = BUILT_PRODUCTS_DIR; };
		A804F5471E75761B00990655 /* Monumap.app */ = {isa = PBXFileReference; explicitFileType = wrapper.application; includeInIndex = 0; path = Monumap.app; sourceTree = BUILT_PRODUCTS_DIR; };
		A804F54A1E75761B00990655 /* AppDelegate.swift */ = {isa = PBXFileReference; lastKnownFileType = sourcecode.swift; path = AppDelegate.swift; sourceTree = "<group>"; };
		A804F5511E75761B00990655 /* Base */ = {isa = PBXFileReference; lastKnownFileType = file.storyboard; name = Base; path = Base.lproj/Main.storyboard; sourceTree = "<group>"; };
		A804F5531E75761C00990655 /* Assets.xcassets */ = {isa = PBXFileReference; lastKnownFileType = folder.assetcatalog; path = Assets.xcassets; sourceTree = "<group>"; };
		A804F5561E75761C00990655 /* Base */ = {isa = PBXFileReference; lastKnownFileType = file.storyboard; name = Base; path = Base.lproj/LaunchScreen.storyboard; sourceTree = "<group>"; };
		A804F5581E75761C00990655 /* Info.plist */ = {isa = PBXFileReference; lastKnownFileType = text.plist.xml; path = Info.plist; sourceTree = "<group>"; };
		A804F55D1E75761C00990655 /* MonumapTests.xctest */ = {isa = PBXFileReference; explicitFileType = wrapper.cfbundle; includeInIndex = 0; path = MonumapTests.xctest; sourceTree = BUILT_PRODUCTS_DIR; };
		A804F5631E75761C00990655 /* Info.plist */ = {isa = PBXFileReference; lastKnownFileType = text.plist.xml; path = Info.plist; sourceTree = "<group>"; };
		A855B0891E758CCA0084D17C /* NearbyViewController.swift */ = {isa = PBXFileReference; fileEncoding = 4; lastKnownFileType = sourcecode.swift; path = NearbyViewController.swift; sourceTree = "<group>"; };
		A855B08B1E758D990084D17C /* MapViewController.swift */ = {isa = PBXFileReference; fileEncoding = 4; lastKnownFileType = sourcecode.swift; path = MapViewController.swift; sourceTree = "<group>"; };
		A855B08D1E758DE00084D17C /* SearchViewController.swift */ = {isa = PBXFileReference; fileEncoding = 4; lastKnownFileType = sourcecode.swift; path = SearchViewController.swift; sourceTree = "<group>"; };
		A855B0901E758F200084D17C /* TabBarWireframe.swift */ = {isa = PBXFileReference; fileEncoding = 4; lastKnownFileType = sourcecode.swift; path = TabBarWireframe.swift; sourceTree = "<group>"; };
		A855B0921E758FEE0084D17C /* TabBarWireframeTests.swift */ = {isa = PBXFileReference; fileEncoding = 4; lastKnownFileType = sourcecode.swift; path = TabBarWireframeTests.swift; sourceTree = "<group>"; };
		A855B0971E75B1240084D17C /* main.swift */ = {isa = PBXFileReference; fileEncoding = 4; lastKnownFileType = sourcecode.swift; path = main.swift; sourceTree = "<group>"; };
		A855B0991E75B30C0084D17C /* AppDelegateTests.swift */ = {isa = PBXFileReference; fileEncoding = 4; lastKnownFileType = sourcecode.swift; path = AppDelegateTests.swift; sourceTree = "<group>"; };
		A855B09C1E75B80F0084D17C /* NearbyWireframe.swift */ = {isa = PBXFileReference; fileEncoding = 4; lastKnownFileType = sourcecode.swift; path = NearbyWireframe.swift; sourceTree = "<group>"; };
		A855B09E1E75B8F30084D17C /* UIStoryboardExtensions.swift */ = {isa = PBXFileReference; fileEncoding = 4; lastKnownFileType = sourcecode.swift; path = UIStoryboardExtensions.swift; sourceTree = "<group>"; };
		A855B0A01E75B95D0084D17C /* StoryboardIdentifiers.swift */ = {isa = PBXFileReference; fileEncoding = 4; lastKnownFileType = sourcecode.swift; path = StoryboardIdentifiers.swift; sourceTree = "<group>"; };
		A855B0A21E75B9F60084D17C /* NearbyWireframeTests.swift */ = {isa = PBXFileReference; fileEncoding = 4; lastKnownFileType = sourcecode.swift; path = NearbyWireframeTests.swift; sourceTree = "<group>"; };
		A855B0A41E75C9C80084D17C /* MapWireframe.swift */ = {isa = PBXFileReference; fileEncoding = 4; lastKnownFileType = sourcecode.swift; path = MapWireframe.swift; sourceTree = "<group>"; };
		A855B0A61E75C9FB0084D17C /* MapWireframeTests.swift */ = {isa = PBXFileReference; fileEncoding = 4; lastKnownFileType = sourcecode.swift; path = MapWireframeTests.swift; sourceTree = "<group>"; };
		A855B0A81E75CAE70084D17C /* SearchWireframeTests.swift */ = {isa = PBXFileReference; fileEncoding = 4; lastKnownFileType = sourcecode.swift; path = SearchWireframeTests.swift; sourceTree = "<group>"; };
		A855B0AA1E75CB2F0084D17C /* SearchWireframe.swift */ = {isa = PBXFileReference; fileEncoding = 4; lastKnownFileType = sourcecode.swift; path = SearchWireframe.swift; sourceTree = "<group>"; };
		A85CDDB51E7D92FA00F60A45 /* NearbyViewControllerTests.swift */ = {isa = PBXFileReference; fileEncoding = 4; lastKnownFileType = sourcecode.swift; name = NearbyViewControllerTests.swift; path = MonumapTests/NearbyViewControllerTests.swift; sourceTree = SOURCE_ROOT; };
		A8762E2C1E7B2131007F99E3 /* MapKit.framework */ = {isa = PBXFileReference; lastKnownFileType = wrapper.framework; name = MapKit.framework; path = System/Library/Frameworks/MapKit.framework; sourceTree = SDKROOT; };
		A8DFDC681E7B34D800B14F47 /* Lora-Bold.ttf */ = {isa = PBXFileReference; lastKnownFileType = file; path = "Lora-Bold.ttf"; sourceTree = "<group>"; };
		A8DFDC6A1E7B364100B14F47 /* Montserrat-SemiBold.ttf */ = {isa = PBXFileReference; lastKnownFileType = file; path = "Montserrat-SemiBold.ttf"; sourceTree = "<group>"; };
		A8DFDC6C1E7B405800B14F47 /* Montserrat-Medium.ttf */ = {isa = PBXFileReference; lastKnownFileType = file; path = "Montserrat-Medium.ttf"; sourceTree = "<group>"; };
		A8DFDC6E1E7B457300B14F47 /* placeholder-image.png */ = {isa = PBXFileReference; lastKnownFileType = image.png; path = "placeholder-image.png"; sourceTree = "<group>"; };
		D15A1B6B61D78F452AA2CA17 /* Pods-MonumapTests.release.xcconfig */ = {isa = PBXFileReference; includeInIndex = 1; lastKnownFileType = text.xcconfig; name = "Pods-MonumapTests.release.xcconfig"; path = "Pods/Target Support Files/Pods-MonumapTests/Pods-MonumapTests.release.xcconfig"; sourceTree = "<group>"; };
		FD2807D6908F8C57EFE10B58 /* Pods-Monumap.debug.xcconfig */ = {isa = PBXFileReference; includeInIndex = 1; lastKnownFileType = text.xcconfig; name = "Pods-Monumap.debug.xcconfig"; path = "Pods/Target Support Files/Pods-Monumap/Pods-Monumap.debug.xcconfig"; sourceTree = "<group>"; };
/* End PBXFileReference section */

/* Begin PBXFrameworksBuildPhase section */
		A804F5441E75761B00990655 /* Frameworks */ = {
			isa = PBXFrameworksBuildPhase;
			buildActionMask = 2147483647;
			files = (
				A8762E2D1E7B2131007F99E3 /* MapKit.framework in Frameworks */,
				EFF065C69F70D4CA5A9E53C9 /* Pods_Monumap.framework in Frameworks */,
			);
			runOnlyForDeploymentPostprocessing = 0;
		};
		A804F55A1E75761C00990655 /* Frameworks */ = {
			isa = PBXFrameworksBuildPhase;
			buildActionMask = 2147483647;
			files = (
				1035FA1BDEFFBAA76DFC8701 /* Pods_MonumapTests.framework in Frameworks */,
			);
			runOnlyForDeploymentPostprocessing = 0;
		};
/* End PBXFrameworksBuildPhase section */

/* Begin PBXGroup section */
		6E5952208FE65A94491DAF6D /* Pods */ = {
			isa = PBXGroup;
			children = (
				FD2807D6908F8C57EFE10B58 /* Pods-Monumap.debug.xcconfig */,
				2654FFB84F900BE927BF31C9 /* Pods-Monumap.release.xcconfig */,
				2C048CDEF46AC646BB63753C /* Pods-MonumapTests.debug.xcconfig */,
				D15A1B6B61D78F452AA2CA17 /* Pods-MonumapTests.release.xcconfig */,
			);
			name = Pods;
			sourceTree = "<group>";
		};
		A804F53E1E75761B00990655 = {
			isa = PBXGroup;
			children = (
				C74F13C076CEF5C8E3A0FB2C /* Frameworks */,
				A804F5491E75761B00990655 /* Monumap */,
				A804F5601E75761C00990655 /* MonumapTests */,
				6E5952208FE65A94491DAF6D /* Pods */,
				A804F5481E75761B00990655 /* Products */,
			);
			sourceTree = "<group>";
		};
		A804F5481E75761B00990655 /* Products */ = {
			isa = PBXGroup;
			children = (
				A804F5471E75761B00990655 /* Monumap.app */,
				A804F55D1E75761C00990655 /* MonumapTests.xctest */,
			);
			name = Products;
			sourceTree = "<group>";
		};
		A804F5491E75761B00990655 /* Monumap */ = {
			isa = PBXGroup;
			children = (
				A855B0811E75835E0084D17C /* App */,
				A855B0871E7583A60084D17C /* Resources */,
				A855B0821E7583670084D17C /* Storyboards */,
				A855B0831E7583760084D17C /* ViewControllers */,
				A855B0861E7583990084D17C /* ViewModels */,
				A855B0841E7583860084D17C /* Views */,
				A855B0851E75838C0084D17C /* Wireframes */,
			);
			path = Monumap;
			sourceTree = "<group>";
		};
		A804F5601E75761C00990655 /* MonumapTests */ = {
			isa = PBXGroup;
			children = (
				A855B09B1E75B3140084D17C /* App */,
				A855B0881E7583D80084D17C /* Supporting Files */,
				A855B08F1E758E140084D17C /* ViewControllers */,
				A855B0941E758FF30084D17C /* Wireframes */,
			);
			path = MonumapTests;
			sourceTree = "<group>";
		};
		A855B0811E75835E0084D17C /* App */ = {
			isa = PBXGroup;
			children = (
				A804F54A1E75761B00990655 /* AppDelegate.swift */,
				A855B0971E75B1240084D17C /* main.swift */,
			);
			path = App;
			sourceTree = "<group>";
		};
		A855B0821E7583670084D17C /* Storyboards */ = {
			isa = PBXGroup;
			children = (
				A804F5551E75761C00990655 /* LaunchScreen.storyboard */,
				A804F5501E75761B00990655 /* Main.storyboard */,
				A855B0A01E75B95D0084D17C /* StoryboardIdentifiers.swift */,
				A855B09E1E75B8F30084D17C /* UIStoryboardExtensions.swift */,
			);
			path = Storyboards;
			sourceTree = "<group>";
		};
		A855B0831E7583760084D17C /* ViewControllers */ = {
			isa = PBXGroup;
			children = (
				A855B08B1E758D990084D17C /* MapViewController.swift */,
				A855B0891E758CCA0084D17C /* NearbyViewController.swift */,
				A855B08D1E758DE00084D17C /* SearchViewController.swift */,
			);
			path = ViewControllers;
			sourceTree = "<group>";
		};
		A855B0841E7583860084D17C /* Views */ = {
			isa = PBXGroup;
			children = (
			);
			path = Views;
			sourceTree = "<group>";
		};
		A855B0851E75838C0084D17C /* Wireframes */ = {
			isa = PBXGroup;
			children = (
				A855B09C1E75B80F0084D17C /* NearbyWireframe.swift */,
				A855B0901E758F200084D17C /* TabBarWireframe.swift */,
				A855B0A41E75C9C80084D17C /* MapWireframe.swift */,
				A855B0AA1E75CB2F0084D17C /* SearchWireframe.swift */,
			);
			path = Wireframes;
			sourceTree = "<group>";
		};
		A855B0861E7583990084D17C /* ViewModels */ = {
			isa = PBXGroup;
			children = (
			);
			path = ViewModels;
			sourceTree = "<group>";
		};
		A855B0871E7583A60084D17C /* Resources */ = {
			isa = PBXGroup;
			children = (
				A8DFDC6E1E7B457300B14F47 /* placeholder-image.png */,
				A8DFDC6C1E7B405800B14F47 /* Montserrat-Medium.ttf */,
				A8DFDC6A1E7B364100B14F47 /* Montserrat-SemiBold.ttf */,
				A8DFDC681E7B34D800B14F47 /* Lora-Bold.ttf */,
				A804F5531E75761C00990655 /* Assets.xcassets */,
				A804F5581E75761C00990655 /* Info.plist */,
			);
			path = Resources;
			sourceTree = "<group>";
		};
		A855B0881E7583D80084D17C /* Supporting Files */ = {
			isa = PBXGroup;
			children = (
				A804F5631E75761C00990655 /* Info.plist */,
			);
			path = "Supporting Files";
			sourceTree = "<group>";
		};
		A855B08F1E758E140084D17C /* ViewControllers */ = {
			isa = PBXGroup;
			children = (
				A85CDDB51E7D92FA00F60A45 /* NearbyViewControllerTests.swift */,
			);
			path = ViewControllers;
			sourceTree = "<group>";
		};
		A855B0941E758FF30084D17C /* Wireframes */ = {
			isa = PBXGroup;
			children = (
				A855B0921E758FEE0084D17C /* TabBarWireframeTests.swift */,
				A855B0A21E75B9F60084D17C /* NearbyWireframeTests.swift */,
				A855B0A61E75C9FB0084D17C /* MapWireframeTests.swift */,
				A855B0A81E75CAE70084D17C /* SearchWireframeTests.swift */,
			);
			path = Wireframes;
			sourceTree = "<group>";
		};
		A855B09B1E75B3140084D17C /* App */ = {
			isa = PBXGroup;
			children = (
				A855B0991E75B30C0084D17C /* AppDelegateTests.swift */,
			);
			path = App;
			sourceTree = "<group>";
		};
		C74F13C076CEF5C8E3A0FB2C /* Frameworks */ = {
			isa = PBXGroup;
			children = (
				A8762E2C1E7B2131007F99E3 /* MapKit.framework */,
				41018ED8D8A3D881C33237BD /* Pods_Monumap.framework */,
				41A782711B021A5DCBE91ECB /* Pods_MonumapTests.framework */,
			);
			name = Frameworks;
			sourceTree = "<group>";
		};
/* End PBXGroup section */

/* Begin PBXNativeTarget section */
		A804F5461E75761B00990655 /* Monumap */ = {
			isa = PBXNativeTarget;
			buildConfigurationList = A804F5661E75761C00990655 /* Build configuration list for PBXNativeTarget "Monumap" */;
			buildPhases = (
				EAD5F1D03E74818127E2CAEC /* [CP] Check Pods Manifest.lock */,
				A804F5431E75761B00990655 /* Sources */,
				A804F5441E75761B00990655 /* Frameworks */,
				A804F5451E75761B00990655 /* Resources */,
				EC839B4378A73247874B038E /* [CP] Embed Pods Frameworks */,
				949591C07CA6600397C8F626 /* [CP] Copy Pods Resources */,
			);
			buildRules = (
			);
			dependencies = (
			);
			name = Monumap;
			productName = Monumap;
			productReference = A804F5471E75761B00990655 /* Monumap.app */;
			productType = "com.apple.product-type.application";
		};
		A804F55C1E75761C00990655 /* MonumapTests */ = {
			isa = PBXNativeTarget;
			buildConfigurationList = A804F5691E75761C00990655 /* Build configuration list for PBXNativeTarget "MonumapTests" */;
			buildPhases = (
				1B65A6F60F6D044AD2DFB027 /* [CP] Check Pods Manifest.lock */,
				A804F5591E75761C00990655 /* Sources */,
				A804F55A1E75761C00990655 /* Frameworks */,
				A804F55B1E75761C00990655 /* Resources */,
				1D79AB69BBD21FB1A52A9F2B /* [CP] Embed Pods Frameworks */,
				A6380965379F16AEDB56309B /* [CP] Copy Pods Resources */,
			);
			buildRules = (
			);
			dependencies = (
				A804F55F1E75761C00990655 /* PBXTargetDependency */,
			);
			name = MonumapTests;
			productName = MonumapTests;
			productReference = A804F55D1E75761C00990655 /* MonumapTests.xctest */;
			productType = "com.apple.product-type.bundle.unit-test";
		};
/* End PBXNativeTarget section */

/* Begin PBXProject section */
		A804F53F1E75761B00990655 /* Project object */ = {
			isa = PBXProject;
			attributes = {
				LastSwiftUpdateCheck = 0820;
				LastUpgradeCheck = 0820;
				ORGANIZATIONNAME = "Anas Ait Ali";
				TargetAttributes = {
					A804F5461E75761B00990655 = {
						CreatedOnToolsVersion = 8.2.1;
						DevelopmentTeam = C8WJM3UR8V;
						ProvisioningStyle = Automatic;
					};
					A804F55C1E75761C00990655 = {
						CreatedOnToolsVersion = 8.2.1;
						DevelopmentTeam = C8WJM3UR8V;
						ProvisioningStyle = Automatic;
						TestTargetID = A804F5461E75761B00990655;
					};
				};
			};
			buildConfigurationList = A804F5421E75761B00990655 /* Build configuration list for PBXProject "Monumap" */;
			compatibilityVersion = "Xcode 3.2";
			developmentRegion = English;
			hasScannedForEncodings = 0;
			knownRegions = (
				en,
				Base,
			);
			mainGroup = A804F53E1E75761B00990655;
			productRefGroup = A804F5481E75761B00990655 /* Products */;
			projectDirPath = "";
			projectRoot = "";
			targets = (
				A804F5461E75761B00990655 /* Monumap */,
				A804F55C1E75761C00990655 /* MonumapTests */,
			);
		};
/* End PBXProject section */

/* Begin PBXResourcesBuildPhase section */
		A804F5451E75761B00990655 /* Resources */ = {
			isa = PBXResourcesBuildPhase;
			buildActionMask = 2147483647;
			files = (
				A804F5571E75761C00990655 /* LaunchScreen.storyboard in Resources */,
				A8DFDC691E7B34D800B14F47 /* Lora-Bold.ttf in Resources */,
				A804F5541E75761C00990655 /* Assets.xcassets in Resources */,
				A8DFDC6F1E7B457300B14F47 /* placeholder-image.png in Resources */,
				A804F5521E75761B00990655 /* Main.storyboard in Resources */,
				A8DFDC6D1E7B405800B14F47 /* Montserrat-Medium.ttf in Resources */,
				A8DFDC6B1E7B364100B14F47 /* Montserrat-SemiBold.ttf in Resources */,
			);
			runOnlyForDeploymentPostprocessing = 0;
		};
		A804F55B1E75761C00990655 /* Resources */ = {
			isa = PBXResourcesBuildPhase;
			buildActionMask = 2147483647;
			files = (
			);
			runOnlyForDeploymentPostprocessing = 0;
		};
/* End PBXResourcesBuildPhase section */

/* Begin PBXShellScriptBuildPhase section */
		1B65A6F60F6D044AD2DFB027 /* [CP] Check Pods Manifest.lock */ = {
			isa = PBXShellScriptBuildPhase;
			buildActionMask = 2147483647;
			files = (
			);
			inputPaths = (
			);
			name = "[CP] Check Pods Manifest.lock";
			outputPaths = (
			);
			runOnlyForDeploymentPostprocessing = 0;
			shellPath = /bin/sh;
			shellScript = "diff \"${PODS_ROOT}/../Podfile.lock\" \"${PODS_ROOT}/Manifest.lock\" > /dev/null\nif [ $? != 0 ] ; then\n    # print error to STDERR\n    echo \"error: The sandbox is not in sync with the Podfile.lock. Run 'pod install' or update your CocoaPods installation.\" >&2\n    exit 1\nfi\n";
			showEnvVarsInLog = 0;
		};
		1D79AB69BBD21FB1A52A9F2B /* [CP] Embed Pods Frameworks */ = {
			isa = PBXShellScriptBuildPhase;
			buildActionMask = 2147483647;
			files = (
			);
			inputPaths = (
			);
			name = "[CP] Embed Pods Frameworks";
			outputPaths = (
			);
			runOnlyForDeploymentPostprocessing = 0;
			shellPath = /bin/sh;
			shellScript = "\"${SRCROOT}/Pods/Target Support Files/Pods-MonumapTests/Pods-MonumapTests-frameworks.sh\"\n";
			showEnvVarsInLog = 0;
		};
		949591C07CA6600397C8F626 /* [CP] Copy Pods Resources */ = {
			isa = PBXShellScriptBuildPhase;
			buildActionMask = 2147483647;
			files = (
			);
			inputPaths = (
			);
			name = "[CP] Copy Pods Resources";
			outputPaths = (
			);
			runOnlyForDeploymentPostprocessing = 0;
			shellPath = /bin/sh;
			shellScript = "\"${SRCROOT}/Pods/Target Support Files/Pods-Monumap/Pods-Monumap-resources.sh\"\n";
			showEnvVarsInLog = 0;
		};
		A6380965379F16AEDB56309B /* [CP] Copy Pods Resources */ = {
			isa = PBXShellScriptBuildPhase;
			buildActionMask = 2147483647;
			files = (
			);
			inputPaths = (
			);
			name = "[CP] Copy Pods Resources";
			outputPaths = (
			);
			runOnlyForDeploymentPostprocessing = 0;
			shellPath = /bin/sh;
			shellScript = "\"${SRCROOT}/Pods/Target Support Files/Pods-MonumapTests/Pods-MonumapTests-resources.sh\"\n";
			showEnvVarsInLog = 0;
		};
		EAD5F1D03E74818127E2CAEC /* [CP] Check Pods Manifest.lock */ = {
			isa = PBXShellScriptBuildPhase;
			buildActionMask = 2147483647;
			files = (
			);
			inputPaths = (
			);
			name = "[CP] Check Pods Manifest.lock";
			outputPaths = (
			);
			runOnlyForDeploymentPostprocessing = 0;
			shellPath = /bin/sh;
			shellScript = "diff \"${PODS_ROOT}/../Podfile.lock\" \"${PODS_ROOT}/Manifest.lock\" > /dev/null\nif [ $? != 0 ] ; then\n    # print error to STDERR\n    echo \"error: The sandbox is not in sync with the Podfile.lock. Run 'pod install' or update your CocoaPods installation.\" >&2\n    exit 1\nfi\n";
			showEnvVarsInLog = 0;
		};
		EC839B4378A73247874B038E /* [CP] Embed Pods Frameworks */ = {
			isa = PBXShellScriptBuildPhase;
			buildActionMask = 2147483647;
			files = (
			);
			inputPaths = (
			);
			name = "[CP] Embed Pods Frameworks";
			outputPaths = (
			);
			runOnlyForDeploymentPostprocessing = 0;
			shellPath = /bin/sh;
			shellScript = "\"${SRCROOT}/Pods/Target Support Files/Pods-Monumap/Pods-Monumap-frameworks.sh\"\n";
			showEnvVarsInLog = 0;
		};
/* End PBXShellScriptBuildPhase section */

/* Begin PBXSourcesBuildPhase section */
		A804F5431E75761B00990655 /* Sources */ = {
			isa = PBXSourcesBuildPhase;
			buildActionMask = 2147483647;
			files = (
				A855B08E1E758DE00084D17C /* SearchViewController.swift in Sources */,
				A855B0A51E75C9C80084D17C /* MapWireframe.swift in Sources */,
				A855B09D1E75B80F0084D17C /* NearbyWireframe.swift in Sources */,
				A855B08A1E758CCA0084D17C /* NearbyViewController.swift in Sources */,
				A855B0AB1E75CB2F0084D17C /* SearchWireframe.swift in Sources */,
				A855B0981E75B1240084D17C /* main.swift in Sources */,
				A855B0A11E75B95D0084D17C /* StoryboardIdentifiers.swift in Sources */,
				A804F54B1E75761B00990655 /* AppDelegate.swift in Sources */,
				A855B0911E758F200084D17C /* TabBarWireframe.swift in Sources */,
				A855B09F1E75B8F30084D17C /* UIStoryboardExtensions.swift in Sources */,
				A855B08C1E758D990084D17C /* MapViewController.swift in Sources */,
			);
			runOnlyForDeploymentPostprocessing = 0;
		};
		A804F5591E75761C00990655 /* Sources */ = {
			isa = PBXSourcesBuildPhase;
			buildActionMask = 2147483647;
			files = (
				A855B0931E758FEE0084D17C /* TabBarWireframeTests.swift in Sources */,
				A85CDDB61E7D92FA00F60A45 /* NearbyViewControllerTests.swift in Sources */,
				A855B0A71E75C9FB0084D17C /* MapWireframeTests.swift in Sources */,
				A855B0A91E75CAE70084D17C /* SearchWireframeTests.swift in Sources */,
				A855B09A1E75B30C0084D17C /* AppDelegateTests.swift in Sources */,
				A855B0A31E75B9F60084D17C /* NearbyWireframeTests.swift in Sources */,
			);
			runOnlyForDeploymentPostprocessing = 0;
		};
/* End PBXSourcesBuildPhase section */

/* Begin PBXTargetDependency section */
		A804F55F1E75761C00990655 /* PBXTargetDependency */ = {
			isa = PBXTargetDependency;
			target = A804F5461E75761B00990655 /* Monumap */;
			targetProxy = A804F55E1E75761C00990655 /* PBXContainerItemProxy */;
		};
/* End PBXTargetDependency section */

/* Begin PBXVariantGroup section */
		A804F5501E75761B00990655 /* Main.storyboard */ = {
			isa = PBXVariantGroup;
			children = (
				A804F5511E75761B00990655 /* Base */,
			);
			name = Main.storyboard;
			path = .;
			sourceTree = "<group>";
		};
		A804F5551E75761C00990655 /* LaunchScreen.storyboard */ = {
			isa = PBXVariantGroup;
			children = (
				A804F5561E75761C00990655 /* Base */,
			);
			name = LaunchScreen.storyboard;
			path = .;
			sourceTree = "<group>";
		};
/* End PBXVariantGroup section */

/* Begin XCBuildConfiguration section */
		A804F5641E75761C00990655 /* Debug */ = {
			isa = XCBuildConfiguration;
			buildSettings = {
				ALWAYS_SEARCH_USER_PATHS = NO;
				CLANG_ANALYZER_NONNULL = YES;
				CLANG_CXX_LANGUAGE_STANDARD = "gnu++0x";
				CLANG_CXX_LIBRARY = "libc++";
				CLANG_ENABLE_MODULES = YES;
				CLANG_ENABLE_OBJC_ARC = YES;
				CLANG_WARN_BOOL_CONVERSION = YES;
				CLANG_WARN_CONSTANT_CONVERSION = YES;
				CLANG_WARN_DIRECT_OBJC_ISA_USAGE = YES_ERROR;
				CLANG_WARN_DOCUMENTATION_COMMENTS = YES;
				CLANG_WARN_EMPTY_BODY = YES;
				CLANG_WARN_ENUM_CONVERSION = YES;
				CLANG_WARN_INFINITE_RECURSION = YES;
				CLANG_WARN_INT_CONVERSION = YES;
				CLANG_WARN_OBJC_ROOT_CLASS = YES_ERROR;
				CLANG_WARN_SUSPICIOUS_MOVE = YES;
				CLANG_WARN_UNREACHABLE_CODE = YES;
				CLANG_WARN__DUPLICATE_METHOD_MATCH = YES;
				"CODE_SIGN_IDENTITY[sdk=iphoneos*]" = "iPhone Developer";
				COPY_PHASE_STRIP = NO;
				DEBUG_INFORMATION_FORMAT = dwarf;
				ENABLE_STRICT_OBJC_MSGSEND = YES;
				ENABLE_TESTABILITY = YES;
				GCC_C_LANGUAGE_STANDARD = gnu99;
				GCC_DYNAMIC_NO_PIC = NO;
				GCC_NO_COMMON_BLOCKS = YES;
				GCC_OPTIMIZATION_LEVEL = 0;
				GCC_PREPROCESSOR_DEFINITIONS = (
					"DEBUG=1",
					"$(inherited)",
				);
				GCC_WARN_64_TO_32_BIT_CONVERSION = YES;
				GCC_WARN_ABOUT_RETURN_TYPE = YES_ERROR;
				GCC_WARN_UNDECLARED_SELECTOR = YES;
				GCC_WARN_UNINITIALIZED_AUTOS = YES_AGGRESSIVE;
				GCC_WARN_UNUSED_FUNCTION = YES;
				GCC_WARN_UNUSED_VARIABLE = YES;
				IPHONEOS_DEPLOYMENT_TARGET = 10.2;
				MTL_ENABLE_DEBUG_INFO = YES;
				ONLY_ACTIVE_ARCH = YES;
				SDKROOT = iphoneos;
				SWIFT_ACTIVE_COMPILATION_CONDITIONS = DEBUG;
				SWIFT_OPTIMIZATION_LEVEL = "-Onone";
				TARGETED_DEVICE_FAMILY = "1,2";
			};
			name = Debug;
		};
		A804F5651E75761C00990655 /* Release */ = {
			isa = XCBuildConfiguration;
			buildSettings = {
				ALWAYS_SEARCH_USER_PATHS = NO;
				CLANG_ANALYZER_NONNULL = YES;
				CLANG_CXX_LANGUAGE_STANDARD = "gnu++0x";
				CLANG_CXX_LIBRARY = "libc++";
				CLANG_ENABLE_MODULES = YES;
				CLANG_ENABLE_OBJC_ARC = YES;
				CLANG_WARN_BOOL_CONVERSION = YES;
				CLANG_WARN_CONSTANT_CONVERSION = YES;
				CLANG_WARN_DIRECT_OBJC_ISA_USAGE = YES_ERROR;
				CLANG_WARN_DOCUMENTATION_COMMENTS = YES;
				CLANG_WARN_EMPTY_BODY = YES;
				CLANG_WARN_ENUM_CONVERSION = YES;
				CLANG_WARN_INFINITE_RECURSION = YES;
				CLANG_WARN_INT_CONVERSION = YES;
				CLANG_WARN_OBJC_ROOT_CLASS = YES_ERROR;
				CLANG_WARN_SUSPICIOUS_MOVE = YES;
				CLANG_WARN_UNREACHABLE_CODE = YES;
				CLANG_WARN__DUPLICATE_METHOD_MATCH = YES;
				"CODE_SIGN_IDENTITY[sdk=iphoneos*]" = "iPhone Developer";
				COPY_PHASE_STRIP = NO;
				DEBUG_INFORMATION_FORMAT = "dwarf-with-dsym";
				ENABLE_NS_ASSERTIONS = NO;
				ENABLE_STRICT_OBJC_MSGSEND = YES;
				GCC_C_LANGUAGE_STANDARD = gnu99;
				GCC_NO_COMMON_BLOCKS = YES;
				GCC_WARN_64_TO_32_BIT_CONVERSION = YES;
				GCC_WARN_ABOUT_RETURN_TYPE = YES_ERROR;
				GCC_WARN_UNDECLARED_SELECTOR = YES;
				GCC_WARN_UNINITIALIZED_AUTOS = YES_AGGRESSIVE;
				GCC_WARN_UNUSED_FUNCTION = YES;
				GCC_WARN_UNUSED_VARIABLE = YES;
				IPHONEOS_DEPLOYMENT_TARGET = 10.2;
				MTL_ENABLE_DEBUG_INFO = NO;
				SDKROOT = iphoneos;
				SWIFT_OPTIMIZATION_LEVEL = "-Owholemodule";
				TARGETED_DEVICE_FAMILY = "1,2";
				VALIDATE_PRODUCT = YES;
			};
			name = Release;
		};
		A804F5671E75761C00990655 /* Debug */ = {
			isa = XCBuildConfiguration;
			baseConfigurationReference = FD2807D6908F8C57EFE10B58 /* Pods-Monumap.debug.xcconfig */;
			buildSettings = {
				ASSETCATALOG_COMPILER_APPICON_NAME = AppIcon;
				DEVELOPMENT_TEAM = C8WJM3UR8V;
				INFOPLIST_FILE = Monumap/Resources/Info.plist;
				IPHONEOS_DEPLOYMENT_TARGET = 9.0;
				LD_RUNPATH_SEARCH_PATHS = "$(inherited) @executable_path/Frameworks";
				PRODUCT_BUNDLE_IDENTIFIER = org.monumap.Monumap;
				PRODUCT_NAME = "$(TARGET_NAME)";
				SWIFT_VERSION = 3.0;
			};
			name = Debug;
		};
		A804F5681E75761C00990655 /* Release */ = {
			isa = XCBuildConfiguration;
			baseConfigurationReference = 2654FFB84F900BE927BF31C9 /* Pods-Monumap.release.xcconfig */;
			buildSettings = {
				ASSETCATALOG_COMPILER_APPICON_NAME = AppIcon;
				DEVELOPMENT_TEAM = C8WJM3UR8V;
				INFOPLIST_FILE = Monumap/Resources/Info.plist;
				IPHONEOS_DEPLOYMENT_TARGET = 9.0;
				LD_RUNPATH_SEARCH_PATHS = "$(inherited) @executable_path/Frameworks";
				PRODUCT_BUNDLE_IDENTIFIER = org.monumap.Monumap;
				PRODUCT_NAME = "$(TARGET_NAME)";
				SWIFT_VERSION = 3.0;
			};
			name = Release;
		};
		A804F56A1E75761C00990655 /* Debug */ = {
			isa = XCBuildConfiguration;
			baseConfigurationReference = 2C048CDEF46AC646BB63753C /* Pods-MonumapTests.debug.xcconfig */;
			buildSettings = {
				ALWAYS_EMBED_SWIFT_STANDARD_LIBRARIES = YES;
				BUNDLE_LOADER = "$(TEST_HOST)";
				DEVELOPMENT_TEAM = C8WJM3UR8V;
				INFOPLIST_FILE = "MonumapTests/Supporting Files/Info.plist";
				LD_RUNPATH_SEARCH_PATHS = "$(inherited) @executable_path/Frameworks @loader_path/Frameworks";
				PRODUCT_BUNDLE_IDENTIFIER = org.monumap.MonumapTests;
				PRODUCT_NAME = "$(TARGET_NAME)";
				SWIFT_VERSION = 3.0;
				TEST_HOST = "$(BUILT_PRODUCTS_DIR)/Monumap.app/Monumap";
			};
			name = Debug;
		};
		A804F56B1E75761C00990655 /* Release */ = {
			isa = XCBuildConfiguration;
			baseConfigurationReference = D15A1B6B61D78F452AA2CA17 /* Pods-MonumapTests.release.xcconfig */;
			buildSettings = {
				ALWAYS_EMBED_SWIFT_STANDARD_LIBRARIES = YES;
				BUNDLE_LOADER = "$(TEST_HOST)";
				DEVELOPMENT_TEAM = C8WJM3UR8V;
				INFOPLIST_FILE = "MonumapTests/Supporting Files/Info.plist";
				LD_RUNPATH_SEARCH_PATHS = "$(inherited) @executable_path/Frameworks @loader_path/Frameworks";
				PRODUCT_BUNDLE_IDENTIFIER = org.monumap.MonumapTests;
				PRODUCT_NAME = "$(TARGET_NAME)";
				SWIFT_VERSION = 3.0;
				TEST_HOST = "$(BUILT_PRODUCTS_DIR)/Monumap.app/Monumap";
			};
			name = Release;
		};
/* End XCBuildConfiguration section */

/* Begin XCConfigurationList section */
		A804F5421E75761B00990655 /* Build configuration list for PBXProject "Monumap" */ = {
			isa = XCConfigurationList;
			buildConfigurations = (
				A804F5641E75761C00990655 /* Debug */,
				A804F5651E75761C00990655 /* Release */,
			);
			defaultConfigurationIsVisible = 0;
			defaultConfigurationName = Release;
		};
		A804F5661E75761C00990655 /* Build configuration list for PBXNativeTarget "Monumap" */ = {
			isa = XCConfigurationList;
			buildConfigurations = (
				A804F5671E75761C00990655 /* Debug */,
				A804F5681E75761C00990655 /* Release */,
			);
			defaultConfigurationIsVisible = 0;
			defaultConfigurationName = Release;
		};
		A804F5691E75761C00990655 /* Build configuration list for PBXNativeTarget "MonumapTests" */ = {
			isa = XCConfigurationList;
			buildConfigurations = (
				A804F56A1E75761C00990655 /* Debug */,
				A804F56B1E75761C00990655 /* Release */,
			);
			defaultConfigurationIsVisible = 0;
			defaultConfigurationName = Release;
		};
/* End XCConfigurationList section */
	};
	rootObject = A804F53F1E75761B00990655 /* Project object */;
}
